// !$*UTF8*$!
{
	archiveVersion = 1;
	classes = {
	};
	objectVersion = 77;
	objects = {

/* Begin PBXBuildFile section */
		714A00292EC687230052D8E2 /* ConfettiSwiftUI in Frameworks */ = {isa = PBXBuildFile; productRef = 714A00282EC687230052D8E2 /* ConfettiSwiftUI */; };
		714A002C2EC68D8C0052D8E2 /* RevenueCat in Frameworks */ = {isa = PBXBuildFile; productRef = 714A002B2EC68D8C0052D8E2 /* RevenueCat */; };
		714A002E2EC68D8C0052D8E2 /* RevenueCatUI in Frameworks */ = {isa = PBXBuildFile; productRef = 714A002D2EC68D8C0052D8E2 /* RevenueCatUI */; };
		714A00312EC68DF10052D8E2 /* PostHog in Frameworks */ = {isa = PBXBuildFile; productRef = 714A00302EC68DF10052D8E2 /* PostHog */; };
		714A00342EC68E100052D8E2 /* Functions in Frameworks */ = {isa = PBXBuildFile; productRef = 714A00332EC68E100052D8E2 /* Functions */; };
		714A00362EC68E100052D8E2 /* Supabase in Frameworks */ = {isa = PBXBuildFile; productRef = 714A00352EC68E100052D8E2 /* Supabase */; };
		714A003D2EC68F0A0052D8E2 /* Config.xcconfig in Resources */ = {isa = PBXBuildFile; fileRef = 714A003C2EC68F0A0052D8E2 /* Config.xcconfig */; };
		71D4E35F2ED395750068A9EA /* WidgetKit.framework in Frameworks */ = {isa = PBXBuildFile; fileRef = 71D4E35E2ED395750068A9EA /* WidgetKit.framework */; };
		71D4E3612ED395750068A9EA /* SwiftUI.framework in Frameworks */ = {isa = PBXBuildFile; fileRef = 71D4E3602ED395750068A9EA /* SwiftUI.framework */; };
		71D4E36E2ED395770068A9EA /* CompPrepLiveActionExtension.appex in Embed Foundation Extensions */ = {isa = PBXBuildFile; fileRef = 71D4E35C2ED395750068A9EA /* CompPrepLiveActionExtension.appex */; settings = {ATTRIBUTES = (RemoveHeadersOnCopy, ); }; };
/* End PBXBuildFile section */

/* Begin PBXContainerItemProxy section */
		71D4E36C2ED395770068A9EA /* PBXContainerItemProxy */ = {
			isa = PBXContainerItemProxy;
			containerPortal = 714AFF402EC52CEA0052D8E2 /* Project object */;
			proxyType = 1;
			remoteGlobalIDString = 71D4E35B2ED395750068A9EA;
			remoteInfo = CompPrepLiveActionExtension;
		};
/* End PBXContainerItemProxy section */

/* Begin PBXCopyFilesBuildPhase section */
		71D4E3732ED395770068A9EA /* Embed Foundation Extensions */ = {
			isa = PBXCopyFilesBuildPhase;
			buildActionMask = 2147483647;
			dstPath = "";
			dstSubfolderSpec = 13;
			files = (
				71D4E36E2ED395770068A9EA /* CompPrepLiveActionExtension.appex in Embed Foundation Extensions */,
			);
			name = "Embed Foundation Extensions";
			runOnlyForDeploymentPostprocessing = 0;
		};
/* End PBXCopyFilesBuildPhase section */

/* Begin PBXFileReference section */
		714A003C2EC68F0A0052D8E2 /* Config.xcconfig */ = {isa = PBXFileReference; lastKnownFileType = text.xcconfig; path = Config.xcconfig; sourceTree = "<group>"; };
		714AFF482EC52CEA0052D8E2 /* CompPrep.app */ = {isa = PBXFileReference; explicitFileType = wrapper.application; includeInIndex = 0; path = CompPrep.app; sourceTree = BUILT_PRODUCTS_DIR; };
		71D4E35C2ED395750068A9EA /* CompPrepLiveActionExtension.appex */ = {isa = PBXFileReference; explicitFileType = "wrapper.app-extension"; includeInIndex = 0; path = CompPrepLiveActionExtension.appex; sourceTree = BUILT_PRODUCTS_DIR; };
		71D4E35E2ED395750068A9EA /* WidgetKit.framework */ = {isa = PBXFileReference; lastKnownFileType = wrapper.framework; name = WidgetKit.framework; path = System/Library/Frameworks/WidgetKit.framework; sourceTree = SDKROOT; };
		71D4E3602ED395750068A9EA /* SwiftUI.framework */ = {isa = PBXFileReference; lastKnownFileType = wrapper.framework; name = SwiftUI.framework; path = System/Library/Frameworks/SwiftUI.framework; sourceTree = SDKROOT; };
/* End PBXFileReference section */

/* Begin PBXFileSystemSynchronizedBuildFileExceptionSet section */
		714A00722EC69A730052D8E2 /* Exceptions for "CompPrep" folder in "CompPrep" target */ = {
			isa = PBXFileSystemSynchronizedBuildFileExceptionSet;
			membershipExceptions = (
				Info.plist,
			);
			target = 714AFF472EC52CEA0052D8E2 /* CompPrep */;
		};
		71D4E3722ED395770068A9EA /* Exceptions for "CompPrepLiveAction" folder in "CompPrepLiveActionExtension" target */ = {
			isa = PBXFileSystemSynchronizedBuildFileExceptionSet;
			membershipExceptions = (
				Info.plist,
			);
			target = 71D4E35B2ED395750068A9EA /* CompPrepLiveActionExtension */;
		};
		71D4E42F2ED3A0A50068A9EA /* Exceptions for "CompPrepLiveAction" folder in "CompPrep" target */ = {
			isa = PBXFileSystemSynchronizedBuildFileExceptionSet;
			membershipExceptions = (
				CompPrepLiveActivity.swift,
			);
			target = 714AFF472EC52CEA0052D8E2 /* CompPrep */;
		};
/* End PBXFileSystemSynchronizedBuildFileExceptionSet section */

/* Begin PBXFileSystemSynchronizedRootGroup section */
		714AFF4A2EC52CEA0052D8E2 /* CompPrep */ = {
			isa = PBXFileSystemSynchronizedRootGroup;
			exceptions = (
				714A00722EC69A730052D8E2 /* Exceptions for "CompPrep" folder in "CompPrep" target */,
			);
			path = CompPrep;
			sourceTree = "<group>";
		};
		71D4E3622ED395750068A9EA /* CompPrepLiveAction */ = {
			isa = PBXFileSystemSynchronizedRootGroup;
			exceptions = (
				71D4E42F2ED3A0A50068A9EA /* Exceptions for "CompPrepLiveAction" folder in "CompPrep" target */,
				71D4E3722ED395770068A9EA /* Exceptions for "CompPrepLiveAction" folder in "CompPrepLiveActionExtension" target */,
			);
			path = CompPrepLiveAction;
			sourceTree = "<group>";
		};
/* End PBXFileSystemSynchronizedRootGroup section */

/* Begin PBXFrameworksBuildPhase section */
		714AFF452EC52CEA0052D8E2 /* Frameworks */ = {
			isa = PBXFrameworksBuildPhase;
			buildActionMask = 2147483647;
			files = (
				714A00342EC68E100052D8E2 /* Functions in Frameworks */,
				714A002C2EC68D8C0052D8E2 /* RevenueCat in Frameworks */,
				714A00362EC68E100052D8E2 /* Supabase in Frameworks */,
				714A00292EC687230052D8E2 /* ConfettiSwiftUI in Frameworks */,
				714A002E2EC68D8C0052D8E2 /* RevenueCatUI in Frameworks */,
				714A00312EC68DF10052D8E2 /* PostHog in Frameworks */,
			);
			runOnlyForDeploymentPostprocessing = 0;
		};
		71D4E3592ED395750068A9EA /* Frameworks */ = {
			isa = PBXFrameworksBuildPhase;
			buildActionMask = 2147483647;
			files = (
				71D4E3612ED395750068A9EA /* SwiftUI.framework in Frameworks */,
				71D4E35F2ED395750068A9EA /* WidgetKit.framework in Frameworks */,
			);
			runOnlyForDeploymentPostprocessing = 0;
		};
/* End PBXFrameworksBuildPhase section */

/* Begin PBXGroup section */
		714AFF3F2EC52CEA0052D8E2 = {
			isa = PBXGroup;
			children = (
				714A003C2EC68F0A0052D8E2 /* Config.xcconfig */,
				714AFF4A2EC52CEA0052D8E2 /* CompPrep */,
				71D4E3622ED395750068A9EA /* CompPrepLiveAction */,
				71D4E35D2ED395750068A9EA /* Frameworks */,
				714AFF492EC52CEA0052D8E2 /* Products */,
			);
			sourceTree = "<group>";
		};
		714AFF492EC52CEA0052D8E2 /* Products */ = {
			isa = PBXGroup;
			children = (
				714AFF482EC52CEA0052D8E2 /* CompPrep.app */,
				71D4E35C2ED395750068A9EA /* CompPrepLiveActionExtension.appex */,
			);
			name = Products;
			sourceTree = "<group>";
		};
		71D4E35D2ED395750068A9EA /* Frameworks */ = {
			isa = PBXGroup;
			children = (
				71D4E35E2ED395750068A9EA /* WidgetKit.framework */,
				71D4E3602ED395750068A9EA /* SwiftUI.framework */,
			);
			name = Frameworks;
			sourceTree = "<group>";
		};
/* End PBXGroup section */

/* Begin PBXNativeTarget section */
		714AFF472EC52CEA0052D8E2 /* CompPrep */ = {
			isa = PBXNativeTarget;
			buildConfigurationList = 714AFF552EC52CEB0052D8E2 /* Build configuration list for PBXNativeTarget "CompPrep" */;
			buildPhases = (
				714AFF442EC52CEA0052D8E2 /* Sources */,
				714AFF452EC52CEA0052D8E2 /* Frameworks */,
				714AFF462EC52CEA0052D8E2 /* Resources */,
				71D4E3732ED395770068A9EA /* Embed Foundation Extensions */,
			);
			buildRules = (
			);
			dependencies = (
				71D4E36D2ED395770068A9EA /* PBXTargetDependency */,
			);
			fileSystemSynchronizedGroups = (
				714AFF4A2EC52CEA0052D8E2 /* CompPrep */,
			);
			name = CompPrep;
			packageProductDependencies = (
				714A00282EC687230052D8E2 /* ConfettiSwiftUI */,
				714A002B2EC68D8C0052D8E2 /* RevenueCat */,
				714A002D2EC68D8C0052D8E2 /* RevenueCatUI */,
				714A00302EC68DF10052D8E2 /* PostHog */,
				714A00332EC68E100052D8E2 /* Functions */,
				714A00352EC68E100052D8E2 /* Supabase */,
			);
			productName = CompPrep;
			productReference = 714AFF482EC52CEA0052D8E2 /* CompPrep.app */;
			productType = "com.apple.product-type.application";
		};
		71D4E35B2ED395750068A9EA /* CompPrepLiveActionExtension */ = {
			isa = PBXNativeTarget;
			buildConfigurationList = 71D4E36F2ED395770068A9EA /* Build configuration list for PBXNativeTarget "CompPrepLiveActionExtension" */;
			buildPhases = (
				71D4E3582ED395750068A9EA /* Sources */,
				71D4E3592ED395750068A9EA /* Frameworks */,
				71D4E35A2ED395750068A9EA /* Resources */,
			);
			buildRules = (
			);
			dependencies = (
			);
			fileSystemSynchronizedGroups = (
				71D4E3622ED395750068A9EA /* CompPrepLiveAction */,
			);
			name = CompPrepLiveActionExtension;
			packageProductDependencies = (
			);
			productName = CompPrepLiveActionExtension;
			productReference = 71D4E35C2ED395750068A9EA /* CompPrepLiveActionExtension.appex */;
			productType = "com.apple.product-type.app-extension";
		};
/* End PBXNativeTarget section */

/* Begin PBXProject section */
		714AFF402EC52CEA0052D8E2 /* Project object */ = {
			isa = PBXProject;
			attributes = {
				BuildIndependentTargetsInParallel = 1;
				LastSwiftUpdateCheck = 2610;
				LastUpgradeCheck = 2610;
				TargetAttributes = {
					714AFF472EC52CEA0052D8E2 = {
						CreatedOnToolsVersion = 26.1.1;
					};
					71D4E35B2ED395750068A9EA = {
						CreatedOnToolsVersion = 26.1.1;
					};
				};
			};
			buildConfigurationList = 714AFF432EC52CEA0052D8E2 /* Build configuration list for PBXProject "CompPrep" */;
			developmentRegion = en;
			hasScannedForEncodings = 0;
			knownRegions = (
				en,
				Base,
			);
			mainGroup = 714AFF3F2EC52CEA0052D8E2;
			minimizedProjectReferenceProxies = 1;
			packageReferences = (
				714A00272EC687230052D8E2 /* XCRemoteSwiftPackageReference "ConfettiSwiftUI" */,
				714A002A2EC68D8B0052D8E2 /* XCRemoteSwiftPackageReference "purchases-ios-spm" */,
				714A002F2EC68DF10052D8E2 /* XCRemoteSwiftPackageReference "posthog-ios" */,
				714A00322EC68E100052D8E2 /* XCRemoteSwiftPackageReference "supabase-swift" */,
			);
			preferredProjectObjectVersion = 77;
			productRefGroup = 714AFF492EC52CEA0052D8E2 /* Products */;
			projectDirPath = "";
			projectRoot = "";
			targets = (
				714AFF472EC52CEA0052D8E2 /* CompPrep */,
				71D4E35B2ED395750068A9EA /* CompPrepLiveActionExtension */,
			);
		};
/* End PBXProject section */

/* Begin PBXResourcesBuildPhase section */
		714AFF462EC52CEA0052D8E2 /* Resources */ = {
			isa = PBXResourcesBuildPhase;
			buildActionMask = 2147483647;
			files = (
				714A003D2EC68F0A0052D8E2 /* Config.xcconfig in Resources */,
			);
			runOnlyForDeploymentPostprocessing = 0;
		};
		71D4E35A2ED395750068A9EA /* Resources */ = {
			isa = PBXResourcesBuildPhase;
			buildActionMask = 2147483647;
			files = (
			);
			runOnlyForDeploymentPostprocessing = 0;
		};
/* End PBXResourcesBuildPhase section */

/* Begin PBXSourcesBuildPhase section */
		714AFF442EC52CEA0052D8E2 /* Sources */ = {
			isa = PBXSourcesBuildPhase;
			buildActionMask = 2147483647;
			files = (
			);
			runOnlyForDeploymentPostprocessing = 0;
		};
		71D4E3582ED395750068A9EA /* Sources */ = {
			isa = PBXSourcesBuildPhase;
			buildActionMask = 2147483647;
			files = (
			);
			runOnlyForDeploymentPostprocessing = 0;
		};
/* End PBXSourcesBuildPhase section */

/* Begin PBXTargetDependency section */
		71D4E36D2ED395770068A9EA /* PBXTargetDependency */ = {
			isa = PBXTargetDependency;
			target = 71D4E35B2ED395750068A9EA /* CompPrepLiveActionExtension */;
			targetProxy = 71D4E36C2ED395770068A9EA /* PBXContainerItemProxy */;
		};
/* End PBXTargetDependency section */

/* Begin XCBuildConfiguration section */
		714AFF532EC52CEB0052D8E2 /* Debug */ = {
			isa = XCBuildConfiguration;
			buildSettings = {
				ALWAYS_SEARCH_USER_PATHS = NO;
				ASSETCATALOG_COMPILER_GENERATE_SWIFT_ASSET_SYMBOL_EXTENSIONS = YES;
				CLANG_ANALYZER_NONNULL = YES;
				CLANG_ANALYZER_NUMBER_OBJECT_CONVERSION = YES_AGGRESSIVE;
				CLANG_CXX_LANGUAGE_STANDARD = "gnu++20";
				CLANG_ENABLE_MODULES = YES;
				CLANG_ENABLE_OBJC_ARC = YES;
				CLANG_ENABLE_OBJC_WEAK = YES;
				CLANG_WARN_BLOCK_CAPTURE_AUTORELEASING = YES;
				CLANG_WARN_BOOL_CONVERSION = YES;
				CLANG_WARN_COMMA = YES;
				CLANG_WARN_CONSTANT_CONVERSION = YES;
				CLANG_WARN_DEPRECATED_OBJC_IMPLEMENTATIONS = YES;
				CLANG_WARN_DIRECT_OBJC_ISA_USAGE = YES_ERROR;
				CLANG_WARN_DOCUMENTATION_COMMENTS = YES;
				CLANG_WARN_EMPTY_BODY = YES;
				CLANG_WARN_ENUM_CONVERSION = YES;
				CLANG_WARN_INFINITE_RECURSION = YES;
				CLANG_WARN_INT_CONVERSION = YES;
				CLANG_WARN_NON_LITERAL_NULL_CONVERSION = YES;
				CLANG_WARN_OBJC_IMPLICIT_RETAIN_SELF = YES;
				CLANG_WARN_OBJC_LITERAL_CONVERSION = YES;
				CLANG_WARN_OBJC_ROOT_CLASS = YES_ERROR;
				CLANG_WARN_QUOTED_INCLUDE_IN_FRAMEWORK_HEADER = YES;
				CLANG_WARN_RANGE_LOOP_ANALYSIS = YES;
				CLANG_WARN_STRICT_PROTOTYPES = YES;
				CLANG_WARN_SUSPICIOUS_MOVE = YES;
				CLANG_WARN_UNGUARDED_AVAILABILITY = YES_AGGRESSIVE;
				CLANG_WARN_UNREACHABLE_CODE = YES;
				CLANG_WARN__DUPLICATE_METHOD_MATCH = YES;
				COPY_PHASE_STRIP = NO;
				DEBUG_INFORMATION_FORMAT = dwarf;
				DEVELOPMENT_TEAM = HCK9FFW6UX;
				ENABLE_STRICT_OBJC_MSGSEND = YES;
				ENABLE_TESTABILITY = YES;
				ENABLE_USER_SCRIPT_SANDBOXING = YES;
				GCC_C_LANGUAGE_STANDARD = gnu17;
				GCC_DYNAMIC_NO_PIC = NO;
				GCC_NO_COMMON_BLOCKS = YES;
				GCC_OPTIMIZATION_LEVEL = 0;
				GCC_PREPROCESSOR_DEFINITIONS = (
					"DEBUG=1",
					"$(inherited)",
				);
				GCC_WARN_64_TO_32_BIT_CONVERSION = YES;
				GCC_WARN_ABOUT_RETURN_TYPE = YES_ERROR;
				GCC_WARN_UNDECLARED_SELECTOR = YES;
				GCC_WARN_UNINITIALIZED_AUTOS = YES_AGGRESSIVE;
				GCC_WARN_UNUSED_FUNCTION = YES;
				GCC_WARN_UNUSED_VARIABLE = YES;
				IPHONEOS_DEPLOYMENT_TARGET = 26.1;
				LOCALIZATION_PREFERS_STRING_CATALOGS = YES;
				MTL_ENABLE_DEBUG_INFO = INCLUDE_SOURCE;
				MTL_FAST_MATH = YES;
				ONLY_ACTIVE_ARCH = YES;
				SDKROOT = iphoneos;
				SUPABASE_KEY = "sb_publishable_SQ-w0vWM9q3r5eF6PCAFCQ_e12p8AmT";
				SUPABASE_URL = "https:/$()/ztziuiiharxtvzitwzfv.supabase.co";
				SWIFT_ACTIVE_COMPILATION_CONDITIONS = "DEBUG $(inherited)";
				SWIFT_OPTIMIZATION_LEVEL = "-Onone";
			};
			name = Debug;
		};
		714AFF542EC52CEB0052D8E2 /* Release */ = {
			isa = XCBuildConfiguration;
			buildSettings = {
				ALWAYS_SEARCH_USER_PATHS = NO;
				ASSETCATALOG_COMPILER_GENERATE_SWIFT_ASSET_SYMBOL_EXTENSIONS = YES;
				CLANG_ANALYZER_NONNULL = YES;
				CLANG_ANALYZER_NUMBER_OBJECT_CONVERSION = YES_AGGRESSIVE;
				CLANG_CXX_LANGUAGE_STANDARD = "gnu++20";
				CLANG_ENABLE_MODULES = YES;
				CLANG_ENABLE_OBJC_ARC = YES;
				CLANG_ENABLE_OBJC_WEAK = YES;
				CLANG_WARN_BLOCK_CAPTURE_AUTORELEASING = YES;
				CLANG_WARN_BOOL_CONVERSION = YES;
				CLANG_WARN_COMMA = YES;
				CLANG_WARN_CONSTANT_CONVERSION = YES;
				CLANG_WARN_DEPRECATED_OBJC_IMPLEMENTATIONS = YES;
				CLANG_WARN_DIRECT_OBJC_ISA_USAGE = YES_ERROR;
				CLANG_WARN_DOCUMENTATION_COMMENTS = YES;
				CLANG_WARN_EMPTY_BODY = YES;
				CLANG_WARN_ENUM_CONVERSION = YES;
				CLANG_WARN_INFINITE_RECURSION = YES;
				CLANG_WARN_INT_CONVERSION = YES;
				CLANG_WARN_NON_LITERAL_NULL_CONVERSION = YES;
				CLANG_WARN_OBJC_IMPLICIT_RETAIN_SELF = YES;
				CLANG_WARN_OBJC_LITERAL_CONVERSION = YES;
				CLANG_WARN_OBJC_ROOT_CLASS = YES_ERROR;
				CLANG_WARN_QUOTED_INCLUDE_IN_FRAMEWORK_HEADER = YES;
				CLANG_WARN_RANGE_LOOP_ANALYSIS = YES;
				CLANG_WARN_STRICT_PROTOTYPES = YES;
				CLANG_WARN_SUSPICIOUS_MOVE = YES;
				CLANG_WARN_UNGUARDED_AVAILABILITY = YES_AGGRESSIVE;
				CLANG_WARN_UNREACHABLE_CODE = YES;
				CLANG_WARN__DUPLICATE_METHOD_MATCH = YES;
				COPY_PHASE_STRIP = NO;
				DEBUG_INFORMATION_FORMAT = "dwarf-with-dsym";
				DEVELOPMENT_TEAM = HCK9FFW6UX;
				ENABLE_NS_ASSERTIONS = NO;
				ENABLE_STRICT_OBJC_MSGSEND = YES;
				ENABLE_USER_SCRIPT_SANDBOXING = YES;
				GCC_C_LANGUAGE_STANDARD = gnu17;
				GCC_NO_COMMON_BLOCKS = YES;
				GCC_WARN_64_TO_32_BIT_CONVERSION = YES;
				GCC_WARN_ABOUT_RETURN_TYPE = YES_ERROR;
				GCC_WARN_UNDECLARED_SELECTOR = YES;
				GCC_WARN_UNINITIALIZED_AUTOS = YES_AGGRESSIVE;
				GCC_WARN_UNUSED_FUNCTION = YES;
				GCC_WARN_UNUSED_VARIABLE = YES;
				IPHONEOS_DEPLOYMENT_TARGET = 26.1;
				LOCALIZATION_PREFERS_STRING_CATALOGS = YES;
				MTL_ENABLE_DEBUG_INFO = NO;
				MTL_FAST_MATH = YES;
				SDKROOT = iphoneos;
				SUPABASE_KEY = "sb_publishable_SQ-w0vWM9q3r5eF6PCAFCQ_e12p8AmT";
				SUPABASE_URL = "https:/$()/ztziuiiharxtvzitwzfv.supabase.co";
				SWIFT_COMPILATION_MODE = wholemodule;
				VALIDATE_PRODUCT = YES;
			};
			name = Release;
		};
		714AFF562EC52CEB0052D8E2 /* Debug */ = {
			isa = XCBuildConfiguration;
			buildSettings = {
				ASSETCATALOG_COMPILER_APPICON_NAME = "icon-composer";
				ASSETCATALOG_COMPILER_GLOBAL_ACCENT_COLOR_NAME = AccentColor;
				ASSETCATALOG_COMPILER_INCLUDE_ALL_APPICON_ASSETS = YES;
				CODE_SIGN_STYLE = Automatic;
				CURRENT_PROJECT_VERSION = 3;
				DEVELOPMENT_TEAM = HCK9FFW6UX;
				ENABLE_PREVIEWS = YES;
				GENERATE_INFOPLIST_FILE = YES;
				INFOPLIST_FILE = CompPrep/Info.plist;
				INFOPLIST_KEY_CFBundleDisplayName = CompPrep;
				INFOPLIST_KEY_ITSAppUsesNonExemptEncryption = NO;
				INFOPLIST_KEY_LSApplicationCategoryType = "public.app-category.sports";
				INFOPLIST_KEY_NSSupportsLiveActivities = YES;
				INFOPLIST_KEY_UIApplicationSceneManifest_Generation = YES;
				INFOPLIST_KEY_UIApplicationSupportsIndirectInputEvents = YES;
				INFOPLIST_KEY_UILaunchScreen_Generation = YES;
				INFOPLIST_KEY_UIStatusBarStyle = "";
				INFOPLIST_KEY_UISupportedInterfaceOrientations = "UIInterfaceOrientationPortrait UIInterfaceOrientationPortraitUpsideDown";
				LD_RUNPATH_SEARCH_PATHS = (
					"$(inherited)",
					"@executable_path/Frameworks",
				);
				MARKETING_VERSION = 1.0.0;
				PRODUCT_BUNDLE_IDENTIFIER = com.memohnsen.CompPrep;
				PRODUCT_NAME = "$(TARGET_NAME)";
				STRING_CATALOG_GENERATE_SYMBOLS = YES;
				SUPPORTED_PLATFORMS = "iphoneos iphonesimulator";
				SUPPORTS_MACCATALYST = NO;
				SUPPORTS_MAC_DESIGNED_FOR_IPHONE_IPAD = NO;
				SUPPORTS_XR_DESIGNED_FOR_IPHONE_IPAD = NO;
				SWIFT_APPROACHABLE_CONCURRENCY = YES;
				SWIFT_DEFAULT_ACTOR_ISOLATION = MainActor;
				SWIFT_EMIT_LOC_STRINGS = YES;
				SWIFT_UPCOMING_FEATURE_MEMBER_IMPORT_VISIBILITY = YES;
				SWIFT_VERSION = 5.0;
				TARGETED_DEVICE_FAMILY = 1;
			};
			name = Debug;
		};
		714AFF572EC52CEB0052D8E2 /* Release */ = {
			isa = XCBuildConfiguration;
			buildSettings = {
				ASSETCATALOG_COMPILER_APPICON_NAME = "icon-composer";
				ASSETCATALOG_COMPILER_GLOBAL_ACCENT_COLOR_NAME = AccentColor;
				ASSETCATALOG_COMPILER_INCLUDE_ALL_APPICON_ASSETS = YES;
				CODE_SIGN_STYLE = Automatic;
				CURRENT_PROJECT_VERSION = 3;
				DEVELOPMENT_TEAM = HCK9FFW6UX;
				ENABLE_PREVIEWS = YES;
				GENERATE_INFOPLIST_FILE = YES;
				INFOPLIST_FILE = CompPrep/Info.plist;
				INFOPLIST_KEY_CFBundleDisplayName = CompPrep;
				INFOPLIST_KEY_ITSAppUsesNonExemptEncryption = NO;
				INFOPLIST_KEY_LSApplicationCategoryType = "public.app-category.sports";
				INFOPLIST_KEY_NSSupportsLiveActivities = YES;
				INFOPLIST_KEY_UIApplicationSceneManifest_Generation = YES;
				INFOPLIST_KEY_UIApplicationSupportsIndirectInputEvents = YES;
				INFOPLIST_KEY_UILaunchScreen_Generation = YES;
				INFOPLIST_KEY_UIStatusBarStyle = "";
				INFOPLIST_KEY_UISupportedInterfaceOrientations = "UIInterfaceOrientationPortrait UIInterfaceOrientationPortraitUpsideDown";
				LD_RUNPATH_SEARCH_PATHS = (
					"$(inherited)",
					"@executable_path/Frameworks",
				);
				MARKETING_VERSION = 1.0.0;
				PRODUCT_BUNDLE_IDENTIFIER = com.memohnsen.CompPrep;
				PRODUCT_NAME = "$(TARGET_NAME)";
				STRING_CATALOG_GENERATE_SYMBOLS = YES;
				SUPPORTED_PLATFORMS = "iphoneos iphonesimulator";
				SUPPORTS_MACCATALYST = NO;
				SUPPORTS_MAC_DESIGNED_FOR_IPHONE_IPAD = NO;
				SUPPORTS_XR_DESIGNED_FOR_IPHONE_IPAD = NO;
				SWIFT_APPROACHABLE_CONCURRENCY = YES;
				SWIFT_DEFAULT_ACTOR_ISOLATION = MainActor;
				SWIFT_EMIT_LOC_STRINGS = YES;
				SWIFT_UPCOMING_FEATURE_MEMBER_IMPORT_VISIBILITY = YES;
				SWIFT_VERSION = 5.0;
				TARGETED_DEVICE_FAMILY = 1;
			};
			name = Release;
		};
		71D4E3702ED395770068A9EA /* Debug */ = {
			isa = XCBuildConfiguration;
			buildSettings = {
				ASSETCATALOG_COMPILER_GLOBAL_ACCENT_COLOR_NAME = AccentColor;
				ASSETCATALOG_COMPILER_WIDGET_BACKGROUND_COLOR_NAME = WidgetBackground;
				CODE_SIGN_STYLE = Automatic;
				CURRENT_PROJECT_VERSION = 3;
				DEVELOPMENT_TEAM = HCK9FFW6UX;
				GENERATE_INFOPLIST_FILE = YES;
				INFOPLIST_FILE = CompPrepLiveAction/Info.plist;
				INFOPLIST_KEY_CFBundleDisplayName = CompPrepLiveAction;
				INFOPLIST_KEY_NSHumanReadableCopyright = "";
				LD_RUNPATH_SEARCH_PATHS = (
					"$(inherited)",
					"@executable_path/Frameworks",
					"@executable_path/../../Frameworks",
				);
				MARKETING_VERSION = 1.0.0;
				PRODUCT_BUNDLE_IDENTIFIER = com.memohnsen.CompPrep.CompPrepLiveAction;
				PRODUCT_NAME = "$(TARGET_NAME)";
				SKIP_INSTALL = YES;
				STRING_CATALOG_GENERATE_SYMBOLS = YES;
				SUPPORTED_PLATFORMS = "iphoneos iphonesimulator";
				SUPPORTS_MACCATALYST = NO;
				SUPPORTS_MAC_DESIGNED_FOR_IPHONE_IPAD = NO;
				SUPPORTS_XR_DESIGNED_FOR_IPHONE_IPAD = NO;
				SWIFT_APPROACHABLE_CONCURRENCY = YES;
				SWIFT_EMIT_LOC_STRINGS = YES;
				SWIFT_UPCOMING_FEATURE_MEMBER_IMPORT_VISIBILITY = YES;
				SWIFT_VERSION = 5.0;
				TARGETED_DEVICE_FAMILY = 1;
			};
			name = Debug;
		};
		71D4E3712ED395770068A9EA /* Release */ = {
			isa = XCBuildConfiguration;
			buildSettings = {
				ASSETCATALOG_COMPILER_GLOBAL_ACCENT_COLOR_NAME = AccentColor;
				ASSETCATALOG_COMPILER_WIDGET_BACKGROUND_COLOR_NAME = WidgetBackground;
				CODE_SIGN_STYLE = Automatic;
				CURRENT_PROJECT_VERSION = 3;
				DEVELOPMENT_TEAM = HCK9FFW6UX;
				GENERATE_INFOPLIST_FILE = YES;
				INFOPLIST_FILE = CompPrepLiveAction/Info.plist;
				INFOPLIST_KEY_CFBundleDisplayName = CompPrepLiveAction;
				INFOPLIST_KEY_NSHumanReadableCopyright = "";
				LD_RUNPATH_SEARCH_PATHS = (
					"$(inherited)",
					"@executable_path/Frameworks",
					"@executable_path/../../Frameworks",
				);
				MARKETING_VERSION = 1.0.0;
				PRODUCT_BUNDLE_IDENTIFIER = com.memohnsen.CompPrep.CompPrepLiveAction;
				PRODUCT_NAME = "$(TARGET_NAME)";
				SKIP_INSTALL = YES;
				STRING_CATALOG_GENERATE_SYMBOLS = YES;
				SUPPORTED_PLATFORMS = "iphoneos iphonesimulator";
				SUPPORTS_MACCATALYST = NO;
				SUPPORTS_MAC_DESIGNED_FOR_IPHONE_IPAD = NO;
				SUPPORTS_XR_DESIGNED_FOR_IPHONE_IPAD = NO;
				SWIFT_APPROACHABLE_CONCURRENCY = YES;
				SWIFT_EMIT_LOC_STRINGS = YES;
				SWIFT_UPCOMING_FEATURE_MEMBER_IMPORT_VISIBILITY = YES;
				SWIFT_VERSION = 5.0;
				TARGETED_DEVICE_FAMILY = 1;
			};
			name = Release;
		};
/* End XCBuildConfiguration section */

/* Begin XCConfigurationList section */
		714AFF432EC52CEA0052D8E2 /* Build configuration list for PBXProject "CompPrep" */ = {
			isa = XCConfigurationList;
			buildConfigurations = (
				714AFF532EC52CEB0052D8E2 /* Debug */,
				714AFF542EC52CEB0052D8E2 /* Release */,
			);
			defaultConfigurationIsVisible = 0;
			defaultConfigurationName = Release;
		};
		714AFF552EC52CEB0052D8E2 /* Build configuration list for PBXNativeTarget "CompPrep" */ = {
			isa = XCConfigurationList;
			buildConfigurations = (
				714AFF562EC52CEB0052D8E2 /* Debug */,
				714AFF572EC52CEB0052D8E2 /* Release */,
			);
			defaultConfigurationIsVisible = 0;
			defaultConfigurationName = Release;
		};
		71D4E36F2ED395770068A9EA /* Build configuration list for PBXNativeTarget "CompPrepLiveActionExtension" */ = {
			isa = XCConfigurationList;
			buildConfigurations = (
				71D4E3702ED395770068A9EA /* Debug */,
				71D4E3712ED395770068A9EA /* Release */,
			);
			defaultConfigurationIsVisible = 0;
			defaultConfigurationName = Release;
		};
/* End XCConfigurationList section */

/* Begin XCRemoteSwiftPackageReference section */
		714A00272EC687230052D8E2 /* XCRemoteSwiftPackageReference "ConfettiSwiftUI" */ = {
			isa = XCRemoteSwiftPackageReference;
			repositoryURL = "https://github.com/simibac/ConfettiSwiftUI.git";
			requirement = {
				kind = upToNextMajorVersion;
				minimumVersion = 2.0.3;
			};
		};
		714A002A2EC68D8B0052D8E2 /* XCRemoteSwiftPackageReference "purchases-ios-spm" */ = {
			isa = XCRemoteSwiftPackageReference;
			repositoryURL = "https://github.com/RevenueCat/purchases-ios-spm.git";
			requirement = {
				kind = upToNextMajorVersion;
				minimumVersion = 5.47.1;
			};
		};
		714A002F2EC68DF10052D8E2 /* XCRemoteSwiftPackageReference "posthog-ios" */ = {
			isa = XCRemoteSwiftPackageReference;
			repositoryURL = "https://github.com/PostHog/posthog-ios";
			requirement = {
				kind = upToNextMajorVersion;
				minimumVersion = 3.35.0;
			};
		};
		714A00322EC68E100052D8E2 /* XCRemoteSwiftPackageReference "supabase-swift" */ = {
			isa = XCRemoteSwiftPackageReference;
			repositoryURL = "https://github.com/supabase/supabase-swift";
			requirement = {
				kind = upToNextMajorVersion;
				minimumVersion = 2.5.1;
			};
		};
/* End XCRemoteSwiftPackageReference section */

/* Begin XCSwiftPackageProductDependency section */
		714A00282EC687230052D8E2 /* ConfettiSwiftUI */ = {
			isa = XCSwiftPackageProductDependency;
			package = 714A00272EC687230052D8E2 /* XCRemoteSwiftPackageReference "ConfettiSwiftUI" */;
			productName = ConfettiSwiftUI;
		};
		714A002B2EC68D8C0052D8E2 /* RevenueCat */ = {
			isa = XCSwiftPackageProductDependency;
			package = 714A002A2EC68D8B0052D8E2 /* XCRemoteSwiftPackageReference "purchases-ios-spm" */;
			productName = RevenueCat;
		};
		714A002D2EC68D8C0052D8E2 /* RevenueCatUI */ = {
			isa = XCSwiftPackageProductDependency;
			package = 714A002A2EC68D8B0052D8E2 /* XCRemoteSwiftPackageReference "purchases-ios-spm" */;
			productName = RevenueCatUI;
		};
		714A00302EC68DF10052D8E2 /* PostHog */ = {
			isa = XCSwiftPackageProductDependency;
			package = 714A002F2EC68DF10052D8E2 /* XCRemoteSwiftPackageReference "posthog-ios" */;
			productName = PostHog;
		};
		714A00332EC68E100052D8E2 /* Functions */ = {
			isa = XCSwiftPackageProductDependency;
			package = 714A00322EC68E100052D8E2 /* XCRemoteSwiftPackageReference "supabase-swift" */;
			productName = Functions;
		};
		714A00352EC68E100052D8E2 /* Supabase */ = {
			isa = XCSwiftPackageProductDependency;
			package = 714A00322EC68E100052D8E2 /* XCRemoteSwiftPackageReference "supabase-swift" */;
			productName = Supabase;
		};
/* End XCSwiftPackageProductDependency section */
	};
	rootObject = 714AFF402EC52CEA0052D8E2 /* Project object */;
}
